
Microsoft Visual Studio Solution File, Format Version 12.00
# Visual Studio Version 17
VisualStudioVersion = 17.11.35312.102
MinimumVisualStudioVersion = 10.0.40219.1
Project("{9A19103F-16F7-4668-BE54-9A1E7A4F7556}") = "Lession1", "Lession1\Lession1.csproj", "{2095CAEC-133C-4935-AD9F-47F4C635CC41}"
EndProject
Project("{9A19103F-16F7-4668-BE54-9A1E7A4F7556}") = "Lesson2", "Lesson2\Lesson2.csproj", "{CC37ECE1-37DF-4EAC-9915-C131B2AF088C}"
EndProject
Project("{9A19103F-16F7-4668-BE54-9A1E7A4F7556}") = "Lession02.MVC", "Lession02.MVC\Lession02.MVC.csproj", "{3A8F433C-1BA1-4EB7-84F5-55B44EE59816}"
EndProject
Project("{9A19103F-16F7-4668-BE54-9A1E7A4F7556}") = "Lession4", "Lession4\Lession4.csproj", "{C9C8E4E0-3030-42D9-B255-ECEF95C374DE}"
EndProject
Project("{9A19103F-16F7-4668-BE54-9A1E7A4F7556}") = "Lesson5", "Lesson5\Lesson5.csproj", "{B22A7060-6BF2-47A8-8952-DCA3B2843733}"
EndProject
Project("{9A19103F-16F7-4668-BE54-9A1E7A4F7556}") = "Lesson3", "Lesson3\Lesson3.csproj", "{FE735E98-C346-474F-BA2E-F187CA68155B}"
EndProject
Project("{FAE04EC0-301F-11D3-BF4B-00C04F79EFBC}") = "Lesson6", "Lesson6\Lesson6.csproj", "{7C0B37AF-7A3C-49D8-9404-E2AEF3C04753}"
EndProject
Global
	GlobalSection(SolutionConfigurationPlatforms) = preSolution
		Debug|Any CPU = Debug|Any CPU
		Release|Any CPU = Release|Any CPU
	EndGlobalSection
	GlobalSection(ProjectConfigurationPlatforms) = postSolution
		{2095CAEC-133C-4935-AD9F-47F4C635CC41}.Debug|Any CPU.ActiveCfg = Debug|Any CPU
		{2095CAEC-133C-4935-AD9F-47F4C635CC41}.Debug|Any CPU.Build.0 = Debug|Any CPU
		{2095CAEC-133C-4935-AD9F-47F4C635CC41}.Release|Any CPU.ActiveCfg = Release|Any CPU
		{2095CAEC-133C-4935-AD9F-47F4C635CC41}.Release|Any CPU.Build.0 = Release|Any CPU
		{CC37ECE1-37DF-4EAC-9915-C131B2AF088C}.Debug|Any CPU.ActiveCfg = Debug|Any CPU
		{CC37ECE1-37DF-4EAC-9915-C131B2AF088C}.Debug|Any CPU.Build.0 = Debug|Any CPU
		{CC37ECE1-37DF-4EAC-9915-C131B2AF088C}.Release|Any CPU.ActiveCfg = Release|Any CPU
		{CC37ECE1-37DF-4EAC-9915-C131B2AF088C}.Release|Any CPU.Build.0 = Release|Any CPU
		{3A8F433C-1BA1-4EB7-84F5-55B44EE59816}.Debug|Any CPU.ActiveCfg = Debug|Any CPU
		{3A8F433C-1BA1-4EB7-84F5-55B44EE59816}.Debug|Any CPU.Build.0 = Debug|Any CPU
		{3A8F433C-1BA1-4EB7-84F5-55B44EE59816}.Release|Any CPU.ActiveCfg = Release|Any CPU
		{3A8F433C-1BA1-4EB7-84F5-55B44EE59816}.Release|Any CPU.Build.0 = Release|Any CPU
		{C9C8E4E0-3030-42D9-B255-ECEF95C374DE}.Debug|Any CPU.ActiveCfg = Debug|Any CPU
		{C9C8E4E0-3030-42D9-B255-ECEF95C374DE}.Debug|Any CPU.Build.0 = Debug|Any CPU
		{C9C8E4E0-3030-42D9-B255-ECEF95C374DE}.Release|Any CPU.ActiveCfg = Release|Any CPU
		{C9C8E4E0-3030-42D9-B255-ECEF95C374DE}.Release|Any CPU.Build.0 = Release|Any CPU
		{B22A7060-6BF2-47A8-8952-DCA3B2843733}.Debug|Any CPU.ActiveCfg = Debug|Any CPU
		{B22A7060-6BF2-47A8-8952-DCA3B2843733}.Debug|Any CPU.Build.0 = Debug|Any CPU
		{B22A7060-6BF2-47A8-8952-DCA3B2843733}.Release|Any CPU.ActiveCfg = Release|Any CPU
		{B22A7060-6BF2-47A8-8952-DCA3B2843733}.Release|Any CPU.Build.0 = Release|Any CPU
		{FE735E98-C346-474F-BA2E-F187CA68155B}.Debug|Any CPU.ActiveCfg = Debug|Any CPU
		{FE735E98-C346-474F-BA2E-F187CA68155B}.Debug|Any CPU.Build.0 = Debug|Any CPU
		{FE735E98-C346-474F-BA2E-F187CA68155B}.Release|Any CPU.ActiveCfg = Release|Any CPU
		{FE735E98-C346-474F-BA2E-F187CA68155B}.Release|Any CPU.Build.0 = Release|Any CPU
		{7C0B37AF-7A3C-49D8-9404-E2AEF3C04753}.Debug|Any CPU.ActiveCfg = Debug|Any CPU
		{7C0B37AF-7A3C-49D8-9404-E2AEF3C04753}.Debug|Any CPU.Build.0 = Debug|Any CPU
		{7C0B37AF-7A3C-49D8-9404-E2AEF3C04753}.Release|Any CPU.ActiveCfg = Release|Any CPU
		{7C0B37AF-7A3C-49D8-9404-E2AEF3C04753}.Release|Any CPU.Build.0 = Release|Any CPU
	EndGlobalSection
	GlobalSection(SolutionProperties) = preSolution
		HideSolutionNode = FALSE
	EndGlobalSection
	GlobalSection(ExtensibilityGlobals) = postSolution
		SolutionGuid = {5C8608C8-6C1F-423D-9CA4-2A166104AAD7}
	EndGlobalSection
EndGlobal
