
Microsoft Visual Studio Solution File, Format Version 12.00
# Visual Studio Version 17
VisualStudioVersion = 17.11.35312.102
MinimumVisualStudioVersion = 10.0.40219.1
Project("{FAE04EC0-301F-11D3-BF4B-00C04F79EFBC}") = "Session1", "Session1\Session1.csproj", "{5D4E00C3-BD2A-47CC-92B6-EA1905978AAD}"
EndProject
Global
	GlobalSection(SolutionConfigurationPlatforms) = preSolution
		Debug|Any CPU = Debug|Any CPU
		Release|Any CPU = Release|Any CPU
	EndGlobalSection
	GlobalSection(ProjectConfigurationPlatforms) = postSolution
		{5D4E00C3-BD2A-47CC-92B6-EA1905978AAD}.Debug|Any CPU.ActiveCfg = Debug|Any CPU
		{5D4E00C3-BD2A-47CC-92B6-EA1905978AAD}.Debug|Any CPU.Build.0 = Debug|Any CPU
		{5D4E00C3-BD2A-47CC-92B6-EA1905978AAD}.Release|Any CPU.ActiveCfg = Release|Any CPU
		{5D4E00C3-BD2A-47CC-92B6-EA1905978AAD}.Release|Any CPU.Build.0 = Release|Any CPU
	EndGlobalSection
	GlobalSection(SolutionProperties) = preSolution
		HideSolutionNode = FALSE
	EndGlobalSection
	GlobalSection(ExtensibilityGlobals) = postSolution
		SolutionGuid = {776644F7-791C-443F-AF9E-1F490DE7E494}
	EndGlobalSection
EndGlobal
