
Microsoft Visual Studio Solution File, Format Version 12.00
# Visual Studio Version 17
VisualStudioVersion = 17.11.35312.102
MinimumVisualStudioVersion = 10.0.40219.1
Project("{FAE04EC0-301F-11D3-BF4B-00C04F79EFBC}") = "Lab04_1", "Lab04_1\Lab04_1.csproj", "{CBF8AD7F-2AE2-4B58-B8C8-7B3B208DB893}"
EndProject
Project("{FAE04EC0-301F-11D3-BF4B-00C04F79EFBC}") = "Lab04_2", "Lab04_2\Lab04_2.csproj", "{EA09D012-F990-4055-8BAA-23411E70AA08}"
EndProject
Project("{FAE04EC0-301F-11D3-BF4B-00C04F79EFBC}") = "Lab04_3", "Lab04_3\Lab04_3.csproj", "{ADB2B771-029D-49F5-B37D-9B4F2A5ED4FF}"
EndProject
Project("{FAE04EC0-301F-11D3-BF4B-00C04F79EFBC}") = "Lab04_4", "Lab04_4\Lab04_4.csproj", "{AE379C6C-68F5-458D-B441-D5A715689117}"
EndProject
Project("{FAE04EC0-301F-11D3-BF4B-00C04F79EFBC}") = "Lab04_5", "Lab04_5\Lab04_5.csproj", "{499987C0-D329-4C08-8F53-236BCDB839A6}"
EndProject
Global
	GlobalSection(SolutionConfigurationPlatforms) = preSolution
		Debug|Any CPU = Debug|Any CPU
		Release|Any CPU = Release|Any CPU
	EndGlobalSection
	GlobalSection(ProjectConfigurationPlatforms) = postSolution
		{CBF8AD7F-2AE2-4B58-B8C8-7B3B208DB893}.Debug|Any CPU.ActiveCfg = Debug|Any CPU
		{CBF8AD7F-2AE2-4B58-B8C8-7B3B208DB893}.Debug|Any CPU.Build.0 = Debug|Any CPU
		{CBF8AD7F-2AE2-4B58-B8C8-7B3B208DB893}.Release|Any CPU.ActiveCfg = Release|Any CPU
		{CBF8AD7F-2AE2-4B58-B8C8-7B3B208DB893}.Release|Any CPU.Build.0 = Release|Any CPU
		{EA09D012-F990-4055-8BAA-23411E70AA08}.Debug|Any CPU.ActiveCfg = Debug|Any CPU
		{EA09D012-F990-4055-8BAA-23411E70AA08}.Debug|Any CPU.Build.0 = Debug|Any CPU
		{EA09D012-F990-4055-8BAA-23411E70AA08}.Release|Any CPU.ActiveCfg = Release|Any CPU
		{EA09D012-F990-4055-8BAA-23411E70AA08}.Release|Any CPU.Build.0 = Release|Any CPU
		{ADB2B771-029D-49F5-B37D-9B4F2A5ED4FF}.Debug|Any CPU.ActiveCfg = Debug|Any CPU
		{ADB2B771-029D-49F5-B37D-9B4F2A5ED4FF}.Debug|Any CPU.Build.0 = Debug|Any CPU
		{ADB2B771-029D-49F5-B37D-9B4F2A5ED4FF}.Release|Any CPU.ActiveCfg = Release|Any CPU
		{ADB2B771-029D-49F5-B37D-9B4F2A5ED4FF}.Release|Any CPU.Build.0 = Release|Any CPU
		{AE379C6C-68F5-458D-B441-D5A715689117}.Debug|Any CPU.ActiveCfg = Debug|Any CPU
		{AE379C6C-68F5-458D-B441-D5A715689117}.Debug|Any CPU.Build.0 = Debug|Any CPU
		{AE379C6C-68F5-458D-B441-D5A715689117}.Release|Any CPU.ActiveCfg = Release|Any CPU
		{AE379C6C-68F5-458D-B441-D5A715689117}.Release|Any CPU.Build.0 = Release|Any CPU
		{499987C0-D329-4C08-8F53-236BCDB839A6}.Debug|Any CPU.ActiveCfg = Debug|Any CPU
		{499987C0-D329-4C08-8F53-236BCDB839A6}.Debug|Any CPU.Build.0 = Debug|Any CPU
		{499987C0-D329-4C08-8F53-236BCDB839A6}.Release|Any CPU.ActiveCfg = Release|Any CPU
		{499987C0-D329-4C08-8F53-236BCDB839A6}.Release|Any CPU.Build.0 = Release|Any CPU
	EndGlobalSection
	GlobalSection(SolutionProperties) = preSolution
		HideSolutionNode = FALSE
	EndGlobalSection
	GlobalSection(ExtensibilityGlobals) = postSolution
		SolutionGuid = {D7612F6D-3EE4-4672-8458-829C6BE8D2BE}
	EndGlobalSection
EndGlobal
