
Microsoft Visual Studio Solution File, Format Version 12.00
# Visual Studio Version 17
VisualStudioVersion = 17.11.35312.102
MinimumVisualStudioVersion = 10.0.40219.1
Project("{9A19103F-16F7-4668-BE54-9A1E7A4F7556}") = "Lab05_1", "Lab05_1\Lab05_1.csproj", "{560DB6BC-D1B8-4D68-AB87-CD4524ADF092}"
EndProject
Project("{9A19103F-16F7-4668-BE54-9A1E7A4F7556}") = "Lab05_2", "Lab05_2\Lab05_2.csproj", "{EF76DF00-5DEB-4639-9A35-6B1B6FF3EFF6}"
EndProject
Project("{9A19103F-16F7-4668-BE54-9A1E7A4F7556}") = "Lab05_3", "Lab05_3\Lab05_3.csproj", "{734ED910-F129-4759-BBDF-462D4AF64515}"
EndProject
Project("{9A19103F-16F7-4668-BE54-9A1E7A4F7556}") = "Lab05_4", "Lab05_4\Lab05_4.csproj", "{63FA5134-EF3F-4D5E-B64E-AC4E458E1CAD}"
EndProject
Project("{FAE04EC0-301F-11D3-BF4B-00C04F79EFBC}") = "BT1", "BT1\BT1.csproj", "{9FAF53B0-516A-4C39-A60E-295D0C767E99}"
EndProject
Global
	GlobalSection(SolutionConfigurationPlatforms) = preSolution
		Debug|Any CPU = Debug|Any CPU
		Release|Any CPU = Release|Any CPU
	EndGlobalSection
	GlobalSection(ProjectConfigurationPlatforms) = postSolution
		{560DB6BC-D1B8-4D68-AB87-CD4524ADF092}.Debug|Any CPU.ActiveCfg = Debug|Any CPU
		{560DB6BC-D1B8-4D68-AB87-CD4524ADF092}.Debug|Any CPU.Build.0 = Debug|Any CPU
		{560DB6BC-D1B8-4D68-AB87-CD4524ADF092}.Release|Any CPU.ActiveCfg = Release|Any CPU
		{560DB6BC-D1B8-4D68-AB87-CD4524ADF092}.Release|Any CPU.Build.0 = Release|Any CPU
		{EF76DF00-5DEB-4639-9A35-6B1B6FF3EFF6}.Debug|Any CPU.ActiveCfg = Debug|Any CPU
		{EF76DF00-5DEB-4639-9A35-6B1B6FF3EFF6}.Debug|Any CPU.Build.0 = Debug|Any CPU
		{EF76DF00-5DEB-4639-9A35-6B1B6FF3EFF6}.Release|Any CPU.ActiveCfg = Release|Any CPU
		{EF76DF00-5DEB-4639-9A35-6B1B6FF3EFF6}.Release|Any CPU.Build.0 = Release|Any CPU
		{734ED910-F129-4759-BBDF-462D4AF64515}.Debug|Any CPU.ActiveCfg = Debug|Any CPU
		{734ED910-F129-4759-BBDF-462D4AF64515}.Debug|Any CPU.Build.0 = Debug|Any CPU
		{734ED910-F129-4759-BBDF-462D4AF64515}.Release|Any CPU.ActiveCfg = Release|Any CPU
		{734ED910-F129-4759-BBDF-462D4AF64515}.Release|Any CPU.Build.0 = Release|Any CPU
		{63FA5134-EF3F-4D5E-B64E-AC4E458E1CAD}.Debug|Any CPU.ActiveCfg = Debug|Any CPU
		{63FA5134-EF3F-4D5E-B64E-AC4E458E1CAD}.Debug|Any CPU.Build.0 = Debug|Any CPU
		{63FA5134-EF3F-4D5E-B64E-AC4E458E1CAD}.Release|Any CPU.ActiveCfg = Release|Any CPU
		{63FA5134-EF3F-4D5E-B64E-AC4E458E1CAD}.Release|Any CPU.Build.0 = Release|Any CPU
		{9FAF53B0-516A-4C39-A60E-295D0C767E99}.Debug|Any CPU.ActiveCfg = Debug|Any CPU
		{9FAF53B0-516A-4C39-A60E-295D0C767E99}.Debug|Any CPU.Build.0 = Debug|Any CPU
		{9FAF53B0-516A-4C39-A60E-295D0C767E99}.Release|Any CPU.ActiveCfg = Release|Any CPU
		{9FAF53B0-516A-4C39-A60E-295D0C767E99}.Release|Any CPU.Build.0 = Release|Any CPU
	EndGlobalSection
	GlobalSection(SolutionProperties) = preSolution
		HideSolutionNode = FALSE
	EndGlobalSection
	GlobalSection(ExtensibilityGlobals) = postSolution
		SolutionGuid = {D05324F5-9995-4362-A7A2-BB4BE37CA036}
	EndGlobalSection
EndGlobal
