
Microsoft Visual Studio Solution File, Format Version 12.00
# Visual Studio Version 17
VisualStudioVersion = 17.11.35312.102
MinimumVisualStudioVersion = 10.0.40219.1
Project("{FAE04EC0-301F-11D3-BF4B-00C04F79EFBC}") = "Lab09.1", "Lab09.1\Lab09.1.csproj", "{90CA1BCE-6FD7-47E3-A824-7DC51F13ACE2}"
EndProject
Global
	GlobalSection(SolutionConfigurationPlatforms) = preSolution
		Debug|Any CPU = Debug|Any CPU
		Release|Any CPU = Release|Any CPU
	EndGlobalSection
	GlobalSection(ProjectConfigurationPlatforms) = postSolution
		{90CA1BCE-6FD7-47E3-A824-7DC51F13ACE2}.Debug|Any CPU.ActiveCfg = Debug|Any CPU
		{90CA1BCE-6FD7-47E3-A824-7DC51F13ACE2}.Debug|Any CPU.Build.0 = Debug|Any CPU
		{90CA1BCE-6FD7-47E3-A824-7DC51F13ACE2}.Release|Any CPU.ActiveCfg = Release|Any CPU
		{90CA1BCE-6FD7-47E3-A824-7DC51F13ACE2}.Release|Any CPU.Build.0 = Release|Any CPU
	EndGlobalSection
	GlobalSection(SolutionProperties) = preSolution
		HideSolutionNode = FALSE
	EndGlobalSection
	GlobalSection(ExtensibilityGlobals) = postSolution
		SolutionGuid = {7EE6BC62-F867-45A2-A925-6C176C869E6B}
	EndGlobalSection
EndGlobal
