
Microsoft Visual Studio Solution File, Format Version 12.00
# Visual Studio Version 17
VisualStudioVersion = 17.11.35312.102
MinimumVisualStudioVersion = 10.0.40219.1
Project("{FAE04EC0-301F-11D3-BF4B-00C04F79EFBC}") = "Lesson10Authorize", "Lesson10Authorize\Lesson10Authorize.csproj", "{7E1DAC0A-9E3C-4CE9-9063-C3FA9A2BEB93}"
EndProject
Project("{FAE04EC0-301F-11D3-BF4B-00C04F79EFBC}") = "Lesson10CustomAuthorize", "Lesson10CustomAuthorize\Lesson10CustomAuthorize.csproj", "{B2815A2C-0C49-4F52-9652-3EC3168C7A52}"
EndProject
Global
	GlobalSection(SolutionConfigurationPlatforms) = preSolution
		Debug|Any CPU = Debug|Any CPU
		Release|Any CPU = Release|Any CPU
	EndGlobalSection
	GlobalSection(ProjectConfigurationPlatforms) = postSolution
		{7E1DAC0A-9E3C-4CE9-9063-C3FA9A2BEB93}.Debug|Any CPU.ActiveCfg = Debug|Any CPU
		{7E1DAC0A-9E3C-4CE9-9063-C3FA9A2BEB93}.Debug|Any CPU.Build.0 = Debug|Any CPU
		{7E1DAC0A-9E3C-4CE9-9063-C3FA9A2BEB93}.Release|Any CPU.ActiveCfg = Release|Any CPU
		{7E1DAC0A-9E3C-4CE9-9063-C3FA9A2BEB93}.Release|Any CPU.Build.0 = Release|Any CPU
		{B2815A2C-0C49-4F52-9652-3EC3168C7A52}.Debug|Any CPU.ActiveCfg = Debug|Any CPU
		{B2815A2C-0C49-4F52-9652-3EC3168C7A52}.Debug|Any CPU.Build.0 = Debug|Any CPU
		{B2815A2C-0C49-4F52-9652-3EC3168C7A52}.Release|Any CPU.ActiveCfg = Release|Any CPU
		{B2815A2C-0C49-4F52-9652-3EC3168C7A52}.Release|Any CPU.Build.0 = Release|Any CPU
	EndGlobalSection
	GlobalSection(SolutionProperties) = preSolution
		HideSolutionNode = FALSE
	EndGlobalSection
	GlobalSection(ExtensibilityGlobals) = postSolution
		SolutionGuid = {5DB1405B-A122-46CE-A42D-736C90ED6109}
	EndGlobalSection
EndGlobal
